
Microsoft Visual Studio Solution File, Format Version 12.00
# Visual Studio 14
VisualStudioVersion = 14.0.25420.1
MinimumVisualStudioVersion = 10.0.40219.1
Project("{FAE04EC0-301F-11D3-BF4B-00C04F79EFBC}") = "OpenLab.Kitchen.Receiver.Rfid", "OpenLab.Kitchen.Receiver.RFID\OpenLab.Kitchen.Receiver.Rfid.csproj", "{7BF473F1-5467-41ED-AA40-897AABA68BE5}"
EndProject
Project("{D954291E-2A0B-460D-934E-DC6B0785DB48}") = "OpenLab.Kitchen.StreamingRepository", "OpenLab.Kitchen.StreamingRepository\OpenLab.Kitchen.StreamingRepository.shproj", "{F03BFF8A-019E-4954-B2D4-89480108758A}"
EndProject
Project("{FAE04EC0-301F-11D3-BF4B-00C04F79EFBC}") = "OpenLab.Kitchen.Receiver.FlowMeter", "OpenLab.Kitchen.Receiver.FlowMeter\OpenLab.Kitchen.Receiver.FlowMeter.csproj", "{1382DE0F-3488-46AA-855F-A9C32ED25192}"
EndProject
Project("{FAE04EC0-301F-11D3-BF4B-00C04F79EFBC}") = "OpenLab.Kitchen.Receiver.Bluetooth", "OpenLab.Kitchen.Receiver.Bluetooth\OpenLab.Kitchen.Receiver.Bluetooth.csproj", "{04AEE5CE-10B1-4D76-9602-7127E1C84CAF}"
EndProject
Project("{FAE04EC0-301F-11D3-BF4B-00C04F79EFBC}") = "OpenLab.Kitchen.Receiver.Wax3", "OpenLab.Kitchen.Receiver.Wax3\OpenLab.Kitchen.Receiver.Wax3.csproj", "{CC34B642-AB65-4BDD-A596-1C095FED4568}"
EndProject
Project("{FAE04EC0-301F-11D3-BF4B-00C04F79EFBC}") = "OpenLab.Kitchen.Receiver.Wax9", "OpenLab.Kitchen.Receiver.Wax9\OpenLab.Kitchen.Receiver.Wax9.csproj", "{D8625D45-CE4C-45B0-A6B7-550D6DFAEECD}"
EndProject
Project("{D954291E-2A0B-460D-934E-DC6B0785DB48}") = "OpenLab.Kitchen.Repository", "OpenLab.Kitchen.Repository\OpenLab.Kitchen.Repository.shproj", "{52158D1F-49FC-4162-8890-05CC763D99F7}"
EndProject
Project("{8BB2217D-0F2D-49D1-97BC-3654ED321F3B}") = "OpenLab.Kitchen.WebApi", "OpenLab.Kitchen.WebApi\OpenLab.Kitchen.WebApi.xproj", "{A891307D-8797-4E3D-9096-AE60FCC003B3}"
EndProject
Project("{D954291E-2A0B-460D-934E-DC6B0785DB48}") = "OpenLab.Kitchen.Service", "OpenLab.Kitchen.Service\OpenLab.Kitchen.Service.shproj", "{618A9607-6581-4B2C-8B9F-0F3A50280B4B}"
EndProject
Project("{8BB2217D-0F2D-49D1-97BC-3654ED321F3B}") = "OpenLab.Kitchen.Viewer", "OpenLab.Kitchen.Viewer\OpenLab.Kitchen.Viewer.xproj", "{40F4064F-DB11-4D1B-A1FE-D49221AB5B8C}"
EndProject
Project("{D954291E-2A0B-460D-934E-DC6B0785DB48}") = "OpenLab.Kitchen.Recogniser.Library", "OpenLab.Kitchen.Recogniser.Library\OpenLab.Kitchen.Recogniser.Library.shproj", "{DADF48FC-CE98-4098-8ADA-CF44655C2F06}"
EndProject
Project("{8BB2217D-0F2D-49D1-97BC-3654ED321F3B}") = "OpenLab.Kitchen.Recogniser", "OpenLab.Kitchen.Recogniser\OpenLab.Kitchen.Recogniser.xproj", "{F7B5DF98-D927-4F3F-A815-3C31A72051B8}"
EndProject
Project("{FAE04EC0-301F-11D3-BF4B-00C04F79EFBC}") = "OpenLab.Kitchen.CV.Position", "OpenLab.Kitchen.CV.Position\OpenLab.Kitchen.CV.Position.csproj", "{4CB6C593-C1FB-4203-A9EB-3E364FC43A9C}"
EndProject
Project("{8BB2217D-0F2D-49D1-97BC-3654ED321F3B}") = "OpenLab.Kitchen.Configure", "OpenLab.Kitchen.Configure\OpenLab.Kitchen.Configure.xproj", "{CF3DC7F7-952D-4D83-BCA4-5E056DB4FB15}"
EndProject
Global
	GlobalSection(SharedMSBuildProjectFiles) = preSolution
		OpenLab.Kitchen.Service\OpenLab.Kitchen.Service.projitems*{04aee5ce-10b1-4d76-9602-7127e1c84caf}*SharedItemsImports = 4
		OpenLab.Kitchen.StreamingRepository\OpenLab.Kitchen.StreamingRepository.projitems*{04aee5ce-10b1-4d76-9602-7127e1c84caf}*SharedItemsImports = 4
		OpenLab.Kitchen.Service\OpenLab.Kitchen.Service.projitems*{1382de0f-3488-46aa-855f-a9c32ed25192}*SharedItemsImports = 4
		OpenLab.Kitchen.StreamingRepository\OpenLab.Kitchen.StreamingRepository.projitems*{1382de0f-3488-46aa-855f-a9c32ed25192}*SharedItemsImports = 4
		OpenLab.Kitchen.Repository\OpenLab.Kitchen.Repository.projitems*{4cb6c593-c1fb-4203-a9eb-3e364fc43a9c}*SharedItemsImports = 4
		OpenLab.Kitchen.Service\OpenLab.Kitchen.Service.projitems*{4cb6c593-c1fb-4203-a9eb-3e364fc43a9c}*SharedItemsImports = 4
		OpenLab.Kitchen.Repository\OpenLab.Kitchen.Repository.projitems*{52158d1f-49fc-4162-8890-05cc763d99f7}*SharedItemsImports = 13
		OpenLab.Kitchen.Service\OpenLab.Kitchen.Service.projitems*{618a9607-6581-4b2c-8b9f-0f3a50280b4b}*SharedItemsImports = 13
		OpenLab.Kitchen.Service\OpenLab.Kitchen.Service.projitems*{7bf473f1-5467-41ed-aa40-897aaba68be5}*SharedItemsImports = 4
		OpenLab.Kitchen.StreamingRepository\OpenLab.Kitchen.StreamingRepository.projitems*{7bf473f1-5467-41ed-aa40-897aaba68be5}*SharedItemsImports = 4
		OpenLab.Kitchen.Service\OpenLab.Kitchen.Service.projitems*{cc34b642-ab65-4bdd-a596-1c095fed4568}*SharedItemsImports = 4
		OpenLab.Kitchen.StreamingRepository\OpenLab.Kitchen.StreamingRepository.projitems*{cc34b642-ab65-4bdd-a596-1c095fed4568}*SharedItemsImports = 4
		OpenLab.Kitchen.Service\OpenLab.Kitchen.Service.projitems*{d8625d45-ce4c-45b0-a6b7-550d6dfaeecd}*SharedItemsImports = 4
		OpenLab.Kitchen.StreamingRepository\OpenLab.Kitchen.StreamingRepository.projitems*{d8625d45-ce4c-45b0-a6b7-550d6dfaeecd}*SharedItemsImports = 4
		OpenLab.Kitchen.Recogniser.Library\OpenLab.Kitchen.Recogniser.Library.projitems*{dadf48fc-ce98-4098-8ada-cf44655c2f06}*SharedItemsImports = 13
		OpenLab.Kitchen.StreamingRepository\OpenLab.Kitchen.StreamingRepository.projitems*{f03bff8a-019e-4954-b2d4-89480108758a}*SharedItemsImports = 13
	EndGlobalSection
	GlobalSection(SolutionConfigurationPlatforms) = preSolution
		Debug|Any CPU = Debug|Any CPU
		Debug|ARM = Debug|ARM
		Debug|x64 = Debug|x64
		Debug|x86 = Debug|x86
		Release|Any CPU = Release|Any CPU
		Release|ARM = Release|ARM
		Release|x64 = Release|x64
		Release|x86 = Release|x86
	EndGlobalSection
	GlobalSection(ProjectConfigurationPlatforms) = postSolution
		{7BF473F1-5467-41ED-AA40-897AABA68BE5}.Debug|Any CPU.ActiveCfg = Debug|Any CPU
		{7BF473F1-5467-41ED-AA40-897AABA68BE5}.Debug|Any CPU.Build.0 = Debug|Any CPU
		{7BF473F1-5467-41ED-AA40-897AABA68BE5}.Debug|ARM.ActiveCfg = Debug|Any CPU
		{7BF473F1-5467-41ED-AA40-897AABA68BE5}.Debug|ARM.Build.0 = Debug|Any CPU
		{7BF473F1-5467-41ED-AA40-897AABA68BE5}.Debug|x64.ActiveCfg = Debug|Any CPU
		{7BF473F1-5467-41ED-AA40-897AABA68BE5}.Debug|x64.Build.0 = Debug|Any CPU
		{7BF473F1-5467-41ED-AA40-897AABA68BE5}.Debug|x86.ActiveCfg = Debug|Any CPU
		{7BF473F1-5467-41ED-AA40-897AABA68BE5}.Debug|x86.Build.0 = Debug|Any CPU
		{7BF473F1-5467-41ED-AA40-897AABA68BE5}.Release|Any CPU.ActiveCfg = Release|Any CPU
		{7BF473F1-5467-41ED-AA40-897AABA68BE5}.Release|Any CPU.Build.0 = Release|Any CPU
		{7BF473F1-5467-41ED-AA40-897AABA68BE5}.Release|ARM.ActiveCfg = Release|Any CPU
		{7BF473F1-5467-41ED-AA40-897AABA68BE5}.Release|ARM.Build.0 = Release|Any CPU
		{7BF473F1-5467-41ED-AA40-897AABA68BE5}.Release|x64.ActiveCfg = Release|Any CPU
		{7BF473F1-5467-41ED-AA40-897AABA68BE5}.Release|x64.Build.0 = Release|Any CPU
		{7BF473F1-5467-41ED-AA40-897AABA68BE5}.Release|x86.ActiveCfg = Release|x86
		{7BF473F1-5467-41ED-AA40-897AABA68BE5}.Release|x86.Build.0 = Release|x86
		{1382DE0F-3488-46AA-855F-A9C32ED25192}.Debug|Any CPU.ActiveCfg = Debug|x86
		{1382DE0F-3488-46AA-855F-A9C32ED25192}.Debug|ARM.ActiveCfg = Debug|ARM
		{1382DE0F-3488-46AA-855F-A9C32ED25192}.Debug|ARM.Build.0 = Debug|ARM
		{1382DE0F-3488-46AA-855F-A9C32ED25192}.Debug|ARM.Deploy.0 = Debug|ARM
		{1382DE0F-3488-46AA-855F-A9C32ED25192}.Debug|x64.ActiveCfg = Debug|x64
		{1382DE0F-3488-46AA-855F-A9C32ED25192}.Debug|x64.Build.0 = Debug|x64
		{1382DE0F-3488-46AA-855F-A9C32ED25192}.Debug|x64.Deploy.0 = Debug|x64
		{1382DE0F-3488-46AA-855F-A9C32ED25192}.Debug|x86.ActiveCfg = Debug|x86
		{1382DE0F-3488-46AA-855F-A9C32ED25192}.Debug|x86.Build.0 = Debug|x86
		{1382DE0F-3488-46AA-855F-A9C32ED25192}.Debug|x86.Deploy.0 = Debug|x86
		{1382DE0F-3488-46AA-855F-A9C32ED25192}.Release|Any CPU.ActiveCfg = Release|x86
		{1382DE0F-3488-46AA-855F-A9C32ED25192}.Release|ARM.ActiveCfg = Release|ARM
		{1382DE0F-3488-46AA-855F-A9C32ED25192}.Release|ARM.Build.0 = Release|ARM
		{1382DE0F-3488-46AA-855F-A9C32ED25192}.Release|ARM.Deploy.0 = Release|ARM
		{1382DE0F-3488-46AA-855F-A9C32ED25192}.Release|x64.ActiveCfg = Release|x64
		{1382DE0F-3488-46AA-855F-A9C32ED25192}.Release|x64.Build.0 = Release|x64
		{1382DE0F-3488-46AA-855F-A9C32ED25192}.Release|x64.Deploy.0 = Release|x64
		{1382DE0F-3488-46AA-855F-A9C32ED25192}.Release|x86.ActiveCfg = Release|x86
		{1382DE0F-3488-46AA-855F-A9C32ED25192}.Release|x86.Build.0 = Release|x86
		{1382DE0F-3488-46AA-855F-A9C32ED25192}.Release|x86.Deploy.0 = Release|x86
		{04AEE5CE-10B1-4D76-9602-7127E1C84CAF}.Debug|Any CPU.ActiveCfg = Debug|x86
		{04AEE5CE-10B1-4D76-9602-7127E1C84CAF}.Debug|ARM.ActiveCfg = Debug|ARM
		{04AEE5CE-10B1-4D76-9602-7127E1C84CAF}.Debug|ARM.Build.0 = Debug|ARM
		{04AEE5CE-10B1-4D76-9602-7127E1C84CAF}.Debug|ARM.Deploy.0 = Debug|ARM
		{04AEE5CE-10B1-4D76-9602-7127E1C84CAF}.Debug|x64.ActiveCfg = Debug|x64
		{04AEE5CE-10B1-4D76-9602-7127E1C84CAF}.Debug|x64.Build.0 = Debug|x64
		{04AEE5CE-10B1-4D76-9602-7127E1C84CAF}.Debug|x64.Deploy.0 = Debug|x64
		{04AEE5CE-10B1-4D76-9602-7127E1C84CAF}.Debug|x86.ActiveCfg = Debug|x86
		{04AEE5CE-10B1-4D76-9602-7127E1C84CAF}.Debug|x86.Build.0 = Debug|x86
		{04AEE5CE-10B1-4D76-9602-7127E1C84CAF}.Debug|x86.Deploy.0 = Debug|x86
		{04AEE5CE-10B1-4D76-9602-7127E1C84CAF}.Release|Any CPU.ActiveCfg = Release|x86
		{04AEE5CE-10B1-4D76-9602-7127E1C84CAF}.Release|ARM.ActiveCfg = Release|ARM
		{04AEE5CE-10B1-4D76-9602-7127E1C84CAF}.Release|ARM.Build.0 = Release|ARM
		{04AEE5CE-10B1-4D76-9602-7127E1C84CAF}.Release|ARM.Deploy.0 = Release|ARM
		{04AEE5CE-10B1-4D76-9602-7127E1C84CAF}.Release|x64.ActiveCfg = Release|x64
		{04AEE5CE-10B1-4D76-9602-7127E1C84CAF}.Release|x64.Build.0 = Release|x64
		{04AEE5CE-10B1-4D76-9602-7127E1C84CAF}.Release|x64.Deploy.0 = Release|x64
		{04AEE5CE-10B1-4D76-9602-7127E1C84CAF}.Release|x86.ActiveCfg = Release|x86
		{04AEE5CE-10B1-4D76-9602-7127E1C84CAF}.Release|x86.Build.0 = Release|x86
		{04AEE5CE-10B1-4D76-9602-7127E1C84CAF}.Release|x86.Deploy.0 = Release|x86
		{CC34B642-AB65-4BDD-A596-1C095FED4568}.Debug|Any CPU.ActiveCfg = Debug|x86
		{CC34B642-AB65-4BDD-A596-1C095FED4568}.Debug|ARM.ActiveCfg = Debug|ARM
		{CC34B642-AB65-4BDD-A596-1C095FED4568}.Debug|ARM.Build.0 = Debug|ARM
		{CC34B642-AB65-4BDD-A596-1C095FED4568}.Debug|ARM.Deploy.0 = Debug|ARM
		{CC34B642-AB65-4BDD-A596-1C095FED4568}.Debug|x64.ActiveCfg = Debug|x64
		{CC34B642-AB65-4BDD-A596-1C095FED4568}.Debug|x64.Build.0 = Debug|x64
		{CC34B642-AB65-4BDD-A596-1C095FED4568}.Debug|x64.Deploy.0 = Debug|x64
		{CC34B642-AB65-4BDD-A596-1C095FED4568}.Debug|x86.ActiveCfg = Debug|x86
		{CC34B642-AB65-4BDD-A596-1C095FED4568}.Debug|x86.Build.0 = Debug|x86
		{CC34B642-AB65-4BDD-A596-1C095FED4568}.Debug|x86.Deploy.0 = Debug|x86
		{CC34B642-AB65-4BDD-A596-1C095FED4568}.Release|Any CPU.ActiveCfg = Release|x86
		{CC34B642-AB65-4BDD-A596-1C095FED4568}.Release|ARM.ActiveCfg = Release|ARM
		{CC34B642-AB65-4BDD-A596-1C095FED4568}.Release|ARM.Build.0 = Release|ARM
		{CC34B642-AB65-4BDD-A596-1C095FED4568}.Release|ARM.Deploy.0 = Release|ARM
		{CC34B642-AB65-4BDD-A596-1C095FED4568}.Release|x64.ActiveCfg = Release|x64
		{CC34B642-AB65-4BDD-A596-1C095FED4568}.Release|x64.Build.0 = Release|x64
		{CC34B642-AB65-4BDD-A596-1C095FED4568}.Release|x64.Deploy.0 = Release|x64
		{CC34B642-AB65-4BDD-A596-1C095FED4568}.Release|x86.ActiveCfg = Release|x86
		{CC34B642-AB65-4BDD-A596-1C095FED4568}.Release|x86.Build.0 = Release|x86
		{CC34B642-AB65-4BDD-A596-1C095FED4568}.Release|x86.Deploy.0 = Release|x86
		{D8625D45-CE4C-45B0-A6B7-550D6DFAEECD}.Debug|Any CPU.ActiveCfg = Debug|x86
		{D8625D45-CE4C-45B0-A6B7-550D6DFAEECD}.Debug|ARM.ActiveCfg = Debug|ARM
		{D8625D45-CE4C-45B0-A6B7-550D6DFAEECD}.Debug|ARM.Build.0 = Debug|ARM
		{D8625D45-CE4C-45B0-A6B7-550D6DFAEECD}.Debug|ARM.Deploy.0 = Debug|ARM
		{D8625D45-CE4C-45B0-A6B7-550D6DFAEECD}.Debug|x64.ActiveCfg = Debug|x64
		{D8625D45-CE4C-45B0-A6B7-550D6DFAEECD}.Debug|x64.Build.0 = Debug|x64
		{D8625D45-CE4C-45B0-A6B7-550D6DFAEECD}.Debug|x64.Deploy.0 = Debug|x64
		{D8625D45-CE4C-45B0-A6B7-550D6DFAEECD}.Debug|x86.ActiveCfg = Debug|x86
		{D8625D45-CE4C-45B0-A6B7-550D6DFAEECD}.Debug|x86.Build.0 = Debug|x86
		{D8625D45-CE4C-45B0-A6B7-550D6DFAEECD}.Debug|x86.Deploy.0 = Debug|x86
		{D8625D45-CE4C-45B0-A6B7-550D6DFAEECD}.Release|Any CPU.ActiveCfg = Release|x86
		{D8625D45-CE4C-45B0-A6B7-550D6DFAEECD}.Release|ARM.ActiveCfg = Release|ARM
		{D8625D45-CE4C-45B0-A6B7-550D6DFAEECD}.Release|ARM.Build.0 = Release|ARM
		{D8625D45-CE4C-45B0-A6B7-550D6DFAEECD}.Release|ARM.Deploy.0 = Release|ARM
		{D8625D45-CE4C-45B0-A6B7-550D6DFAEECD}.Release|x64.ActiveCfg = Release|x64
		{D8625D45-CE4C-45B0-A6B7-550D6DFAEECD}.Release|x64.Build.0 = Release|x64
		{D8625D45-CE4C-45B0-A6B7-550D6DFAEECD}.Release|x64.Deploy.0 = Release|x64
		{D8625D45-CE4C-45B0-A6B7-550D6DFAEECD}.Release|x86.ActiveCfg = Release|x86
		{D8625D45-CE4C-45B0-A6B7-550D6DFAEECD}.Release|x86.Build.0 = Release|x86
		{D8625D45-CE4C-45B0-A6B7-550D6DFAEECD}.Release|x86.Deploy.0 = Release|x86
		{A891307D-8797-4E3D-9096-AE60FCC003B3}.Debug|Any CPU.ActiveCfg = Debug|Any CPU
		{A891307D-8797-4E3D-9096-AE60FCC003B3}.Debug|Any CPU.Build.0 = Debug|Any CPU
		{A891307D-8797-4E3D-9096-AE60FCC003B3}.Debug|ARM.ActiveCfg = Debug|Any CPU
		{A891307D-8797-4E3D-9096-AE60FCC003B3}.Debug|ARM.Build.0 = Debug|Any CPU
		{A891307D-8797-4E3D-9096-AE60FCC003B3}.Debug|x64.ActiveCfg = Debug|Any CPU
		{A891307D-8797-4E3D-9096-AE60FCC003B3}.Debug|x64.Build.0 = Debug|Any CPU
		{A891307D-8797-4E3D-9096-AE60FCC003B3}.Debug|x86.ActiveCfg = Debug|Any CPU
		{A891307D-8797-4E3D-9096-AE60FCC003B3}.Debug|x86.Build.0 = Debug|Any CPU
		{A891307D-8797-4E3D-9096-AE60FCC003B3}.Release|Any CPU.ActiveCfg = Release|Any CPU
		{A891307D-8797-4E3D-9096-AE60FCC003B3}.Release|Any CPU.Build.0 = Release|Any CPU
		{A891307D-8797-4E3D-9096-AE60FCC003B3}.Release|ARM.ActiveCfg = Release|Any CPU
		{A891307D-8797-4E3D-9096-AE60FCC003B3}.Release|ARM.Build.0 = Release|Any CPU
		{A891307D-8797-4E3D-9096-AE60FCC003B3}.Release|x64.ActiveCfg = Release|Any CPU
		{A891307D-8797-4E3D-9096-AE60FCC003B3}.Release|x64.Build.0 = Release|Any CPU
		{A891307D-8797-4E3D-9096-AE60FCC003B3}.Release|x86.ActiveCfg = Release|Any CPU
		{A891307D-8797-4E3D-9096-AE60FCC003B3}.Release|x86.Build.0 = Release|Any CPU
		{40F4064F-DB11-4D1B-A1FE-D49221AB5B8C}.Debug|Any CPU.ActiveCfg = Debug|Any CPU
		{40F4064F-DB11-4D1B-A1FE-D49221AB5B8C}.Debug|Any CPU.Build.0 = Debug|Any CPU
		{40F4064F-DB11-4D1B-A1FE-D49221AB5B8C}.Debug|ARM.ActiveCfg = Debug|Any CPU
		{40F4064F-DB11-4D1B-A1FE-D49221AB5B8C}.Debug|ARM.Build.0 = Debug|Any CPU
		{40F4064F-DB11-4D1B-A1FE-D49221AB5B8C}.Debug|x64.ActiveCfg = Debug|Any CPU
		{40F4064F-DB11-4D1B-A1FE-D49221AB5B8C}.Debug|x64.Build.0 = Debug|Any CPU
		{40F4064F-DB11-4D1B-A1FE-D49221AB5B8C}.Debug|x86.ActiveCfg = Debug|Any CPU
		{40F4064F-DB11-4D1B-A1FE-D49221AB5B8C}.Debug|x86.Build.0 = Debug|Any CPU
		{40F4064F-DB11-4D1B-A1FE-D49221AB5B8C}.Release|Any CPU.ActiveCfg = Release|Any CPU
		{40F4064F-DB11-4D1B-A1FE-D49221AB5B8C}.Release|Any CPU.Build.0 = Release|Any CPU
		{40F4064F-DB11-4D1B-A1FE-D49221AB5B8C}.Release|ARM.ActiveCfg = Release|Any CPU
		{40F4064F-DB11-4D1B-A1FE-D49221AB5B8C}.Release|ARM.Build.0 = Release|Any CPU
		{40F4064F-DB11-4D1B-A1FE-D49221AB5B8C}.Release|x64.ActiveCfg = Release|Any CPU
		{40F4064F-DB11-4D1B-A1FE-D49221AB5B8C}.Release|x64.Build.0 = Release|Any CPU
		{40F4064F-DB11-4D1B-A1FE-D49221AB5B8C}.Release|x86.ActiveCfg = Release|Any CPU
		{40F4064F-DB11-4D1B-A1FE-D49221AB5B8C}.Release|x86.Build.0 = Release|Any CPU
		{F7B5DF98-D927-4F3F-A815-3C31A72051B8}.Debug|Any CPU.ActiveCfg = Debug|Any CPU
		{F7B5DF98-D927-4F3F-A815-3C31A72051B8}.Debug|Any CPU.Build.0 = Debug|Any CPU
		{F7B5DF98-D927-4F3F-A815-3C31A72051B8}.Debug|ARM.ActiveCfg = Debug|Any CPU
		{F7B5DF98-D927-4F3F-A815-3C31A72051B8}.Debug|ARM.Build.0 = Debug|Any CPU
		{F7B5DF98-D927-4F3F-A815-3C31A72051B8}.Debug|x64.ActiveCfg = Debug|Any CPU
		{F7B5DF98-D927-4F3F-A815-3C31A72051B8}.Debug|x64.Build.0 = Debug|Any CPU
		{F7B5DF98-D927-4F3F-A815-3C31A72051B8}.Debug|x86.ActiveCfg = Debug|Any CPU
		{F7B5DF98-D927-4F3F-A815-3C31A72051B8}.Debug|x86.Build.0 = Debug|Any CPU
		{F7B5DF98-D927-4F3F-A815-3C31A72051B8}.Release|Any CPU.ActiveCfg = Release|Any CPU
		{F7B5DF98-D927-4F3F-A815-3C31A72051B8}.Release|Any CPU.Build.0 = Release|Any CPU
		{F7B5DF98-D927-4F3F-A815-3C31A72051B8}.Release|ARM.ActiveCfg = Release|Any CPU
		{F7B5DF98-D927-4F3F-A815-3C31A72051B8}.Release|ARM.Build.0 = Release|Any CPU
		{F7B5DF98-D927-4F3F-A815-3C31A72051B8}.Release|x64.ActiveCfg = Release|Any CPU
		{F7B5DF98-D927-4F3F-A815-3C31A72051B8}.Release|x64.Build.0 = Release|Any CPU
		{F7B5DF98-D927-4F3F-A815-3C31A72051B8}.Release|x86.ActiveCfg = Release|Any CPU
		{F7B5DF98-D927-4F3F-A815-3C31A72051B8}.Release|x86.Build.0 = Release|Any CPU
		{4CB6C593-C1FB-4203-A9EB-3E364FC43A9C}.Debug|Any CPU.ActiveCfg = Debug|Any CPU
		{4CB6C593-C1FB-4203-A9EB-3E364FC43A9C}.Debug|Any CPU.Build.0 = Debug|Any CPU
		{4CB6C593-C1FB-4203-A9EB-3E364FC43A9C}.Debug|ARM.ActiveCfg = Debug|Any CPU
		{4CB6C593-C1FB-4203-A9EB-3E364FC43A9C}.Debug|ARM.Build.0 = Debug|Any CPU
		{4CB6C593-C1FB-4203-A9EB-3E364FC43A9C}.Debug|x64.ActiveCfg = Debug|Any CPU
		{4CB6C593-C1FB-4203-A9EB-3E364FC43A9C}.Debug|x64.Build.0 = Debug|Any CPU
		{4CB6C593-C1FB-4203-A9EB-3E364FC43A9C}.Debug|x86.ActiveCfg = Debug|Any CPU
		{4CB6C593-C1FB-4203-A9EB-3E364FC43A9C}.Debug|x86.Build.0 = Debug|Any CPU
		{4CB6C593-C1FB-4203-A9EB-3E364FC43A9C}.Release|Any CPU.ActiveCfg = Release|Any CPU
		{4CB6C593-C1FB-4203-A9EB-3E364FC43A9C}.Release|Any CPU.Build.0 = Release|Any CPU
		{4CB6C593-C1FB-4203-A9EB-3E364FC43A9C}.Release|ARM.ActiveCfg = Release|Any CPU
		{4CB6C593-C1FB-4203-A9EB-3E364FC43A9C}.Release|ARM.Build.0 = Release|Any CPU
		{4CB6C593-C1FB-4203-A9EB-3E364FC43A9C}.Release|x64.ActiveCfg = Release|Any CPU
		{4CB6C593-C1FB-4203-A9EB-3E364FC43A9C}.Release|x64.Build.0 = Release|Any CPU
		{4CB6C593-C1FB-4203-A9EB-3E364FC43A9C}.Release|x86.ActiveCfg = Release|Any CPU
		{4CB6C593-C1FB-4203-A9EB-3E364FC43A9C}.Release|x86.Build.0 = Release|Any CPU
		{CF3DC7F7-952D-4D83-BCA4-5E056DB4FB15}.Debug|Any CPU.ActiveCfg = Debug|Any CPU
		{CF3DC7F7-952D-4D83-BCA4-5E056DB4FB15}.Debug|Any CPU.Build.0 = Debug|Any CPU
		{CF3DC7F7-952D-4D83-BCA4-5E056DB4FB15}.Debug|ARM.ActiveCfg = Debug|Any CPU
		{CF3DC7F7-952D-4D83-BCA4-5E056DB4FB15}.Debug|ARM.Build.0 = Debug|Any CPU
		{CF3DC7F7-952D-4D83-BCA4-5E056DB4FB15}.Debug|x64.ActiveCfg = Debug|Any CPU
		{CF3DC7F7-952D-4D83-BCA4-5E056DB4FB15}.Debug|x64.Build.0 = Debug|Any CPU
		{CF3DC7F7-952D-4D83-BCA4-5E056DB4FB15}.Debug|x86.ActiveCfg = Debug|Any CPU
		{CF3DC7F7-952D-4D83-BCA4-5E056DB4FB15}.Debug|x86.Build.0 = Debug|Any CPU
		{CF3DC7F7-952D-4D83-BCA4-5E056DB4FB15}.Release|Any CPU.ActiveCfg = Release|Any CPU
		{CF3DC7F7-952D-4D83-BCA4-5E056DB4FB15}.Release|Any CPU.Build.0 = Release|Any CPU
		{CF3DC7F7-952D-4D83-BCA4-5E056DB4FB15}.Release|ARM.ActiveCfg = Release|Any CPU
		{CF3DC7F7-952D-4D83-BCA4-5E056DB4FB15}.Release|ARM.Build.0 = Release|Any CPU
		{CF3DC7F7-952D-4D83-BCA4-5E056DB4FB15}.Release|x64.ActiveCfg = Release|Any CPU
		{CF3DC7F7-952D-4D83-BCA4-5E056DB4FB15}.Release|x64.Build.0 = Release|Any CPU
		{CF3DC7F7-952D-4D83-BCA4-5E056DB4FB15}.Release|x86.ActiveCfg = Release|Any CPU
		{CF3DC7F7-952D-4D83-BCA4-5E056DB4FB15}.Release|x86.Build.0 = Release|Any CPU
	EndGlobalSection
	GlobalSection(SolutionProperties) = preSolution
		HideSolutionNode = FALSE
	EndGlobalSection
EndGlobal
