
Microsoft Visual Studio Solution File, Format Version 12.00
# Visual Studio 14
VisualStudioVersion = 14.0.25420.1
MinimumVisualStudioVersion = 10.0.40219.1
Project("{FAE04EC0-301F-11D3-BF4B-00C04F79EFBC}") = "OpenLab.Kitchen.Receiver.Rfid", "OpenLab.Kitchen.Receiver.RFID\OpenLab.Kitchen.Receiver.Rfid.csproj", "{7BF473F1-5467-41ED-AA40-897AABA68BE5}"
EndProject
Project("{D954291E-2A0B-460D-934E-DC6B0785DB48}") = "OpenLab.Kitchen.StreamingRepository", "OpenLab.Kitchen.StreamingRepository\OpenLab.Kitchen.StreamingRepository.shproj", "{F03BFF8A-019E-4954-B2D4-89480108758A}"
EndProject
Project("{FAE04EC0-301F-11D3-BF4B-00C04F79EFBC}") = "OpenLab.Kitchen.Capture", "OpenLab.Kitchen.Capture\OpenLab.Kitchen.Capture.csproj", "{CF8B2B76-254E-4C33-8E7D-FC9692FE764A}"
EndProject
Project("{FAE04EC0-301F-11D3-BF4B-00C04F79EFBC}") = "OpenLab.Kitchen.Receiver.FlowMeter", "OpenLab.Kitchen.Receiver.FlowMeter\OpenLab.Kitchen.Receiver.FlowMeter.csproj", "{1382DE0F-3488-46AA-855F-A9C32ED25192}"
EndProject
Project("{FAE04EC0-301F-11D3-BF4B-00C04F79EFBC}") = "OpenLab.Kitchen.Receiver.Bluetooth", "OpenLab.Kitchen.Receiver.Bluetooth\OpenLab.Kitchen.Receiver.Bluetooth.csproj", "{04AEE5CE-10B1-4D76-9602-7127E1C84CAF}"
EndProject
Project("{FAE04EC0-301F-11D3-BF4B-00C04F79EFBC}") = "OpenLab.Kitchen.Service", "OpenLab.Kitchen.Service\OpenLab.Kitchen.Service.csproj", "{949A1E19-0042-446D-BE75-831BE506FE68}"
EndProject
Project("{FAE04EC0-301F-11D3-BF4B-00C04F79EFBC}") = "OpenLab.Kitchen.Receiver.Wax3", "OpenLab.Kitchen.Receiver.Wax3\OpenLab.Kitchen.Receiver.Wax3.csproj", "{CC34B642-AB65-4BDD-A596-1C095FED4568}"
EndProject
Project("{FAE04EC0-301F-11D3-BF4B-00C04F79EFBC}") = "OpenLab.Kitchen.Receiver.Wax9", "OpenLab.Kitchen.Receiver.Wax9\OpenLab.Kitchen.Receiver.Wax9.csproj", "{D8625D45-CE4C-45B0-A6B7-550D6DFAEECD}"
EndProject
Project("{8BB2217D-0F2D-49D1-97BC-3654ED321F3B}") = "OpenLab.Kitchen.WebApi", "OpenLab.Kitchen.WebApi\OpenLab.Kitchen.WebApi.xproj", "{E8C1E639-E346-418E-935A-8C1E679A27E1}"
EndProject
Project("{D954291E-2A0B-460D-934E-DC6B0785DB48}") = "OpenLab.Kitchen.Repository", "OpenLab.Kitchen.Repository\OpenLab.Kitchen.Repository.shproj", "{52158D1F-49FC-4162-8890-05CC763D99F7}"
EndProject
Global
	GlobalSection(SharedMSBuildProjectFiles) = preSolution
		OpenLab.Kitchen.StreamingRepository\OpenLab.Kitchen.StreamingRepository.projitems*{04aee5ce-10b1-4d76-9602-7127e1c84caf}*SharedItemsImports = 4
		OpenLab.Kitchen.StreamingRepository\OpenLab.Kitchen.StreamingRepository.projitems*{1382de0f-3488-46aa-855f-a9c32ed25192}*SharedItemsImports = 4
		OpenLab.Kitchen.Repository\OpenLab.Kitchen.Repository.projitems*{52158d1f-49fc-4162-8890-05cc763d99f7}*SharedItemsImports = 13
		OpenLab.Kitchen.StreamingRepository\OpenLab.Kitchen.StreamingRepository.projitems*{7bf473f1-5467-41ed-aa40-897aaba68be5}*SharedItemsImports = 4
		OpenLab.Kitchen.StreamingRepository\OpenLab.Kitchen.StreamingRepository.projitems*{cc34b642-ab65-4bdd-a596-1c095fed4568}*SharedItemsImports = 4
		OpenLab.Kitchen.Repository\OpenLab.Kitchen.Repository.projitems*{cf8b2b76-254e-4c33-8e7d-fc9692fe764a}*SharedItemsImports = 4
		OpenLab.Kitchen.StreamingRepository\OpenLab.Kitchen.StreamingRepository.projitems*{cf8b2b76-254e-4c33-8e7d-fc9692fe764a}*SharedItemsImports = 4
		OpenLab.Kitchen.StreamingRepository\OpenLab.Kitchen.StreamingRepository.projitems*{d8625d45-ce4c-45b0-a6b7-550d6dfaeecd}*SharedItemsImports = 4
		OpenLab.Kitchen.StreamingRepository\OpenLab.Kitchen.StreamingRepository.projitems*{f03bff8a-019e-4954-b2d4-89480108758a}*SharedItemsImports = 13
	EndGlobalSection
	GlobalSection(SolutionConfigurationPlatforms) = preSolution
		Debug|Any CPU = Debug|Any CPU
		Debug|ARM = Debug|ARM
		Debug|x64 = Debug|x64
		Debug|x86 = Debug|x86
		Release|Any CPU = Release|Any CPU
		Release|ARM = Release|ARM
		Release|x64 = Release|x64
		Release|x86 = Release|x86
	EndGlobalSection
	GlobalSection(ProjectConfigurationPlatforms) = postSolution
		{7BF473F1-5467-41ED-AA40-897AABA68BE5}.Debug|Any CPU.ActiveCfg = Debug|Any CPU
		{7BF473F1-5467-41ED-AA40-897AABA68BE5}.Debug|Any CPU.Build.0 = Debug|Any CPU
		{7BF473F1-5467-41ED-AA40-897AABA68BE5}.Debug|ARM.ActiveCfg = Debug|Any CPU
		{7BF473F1-5467-41ED-AA40-897AABA68BE5}.Debug|ARM.Build.0 = Debug|Any CPU
		{7BF473F1-5467-41ED-AA40-897AABA68BE5}.Debug|x64.ActiveCfg = Debug|Any CPU
		{7BF473F1-5467-41ED-AA40-897AABA68BE5}.Debug|x64.Build.0 = Debug|Any CPU
		{7BF473F1-5467-41ED-AA40-897AABA68BE5}.Debug|x86.ActiveCfg = Debug|Any CPU
		{7BF473F1-5467-41ED-AA40-897AABA68BE5}.Debug|x86.Build.0 = Debug|Any CPU
		{7BF473F1-5467-41ED-AA40-897AABA68BE5}.Release|Any CPU.ActiveCfg = Release|Any CPU
		{7BF473F1-5467-41ED-AA40-897AABA68BE5}.Release|Any CPU.Build.0 = Release|Any CPU
		{7BF473F1-5467-41ED-AA40-897AABA68BE5}.Release|ARM.ActiveCfg = Release|Any CPU
		{7BF473F1-5467-41ED-AA40-897AABA68BE5}.Release|ARM.Build.0 = Release|Any CPU
		{7BF473F1-5467-41ED-AA40-897AABA68BE5}.Release|x64.ActiveCfg = Release|Any CPU
		{7BF473F1-5467-41ED-AA40-897AABA68BE5}.Release|x64.Build.0 = Release|Any CPU
		{7BF473F1-5467-41ED-AA40-897AABA68BE5}.Release|x86.ActiveCfg = Release|x86
		{7BF473F1-5467-41ED-AA40-897AABA68BE5}.Release|x86.Build.0 = Release|x86
		{CF8B2B76-254E-4C33-8E7D-FC9692FE764A}.Debug|Any CPU.ActiveCfg = Debug|Any CPU
		{CF8B2B76-254E-4C33-8E7D-FC9692FE764A}.Debug|Any CPU.Build.0 = Debug|Any CPU
		{CF8B2B76-254E-4C33-8E7D-FC9692FE764A}.Debug|ARM.ActiveCfg = Debug|Any CPU
		{CF8B2B76-254E-4C33-8E7D-FC9692FE764A}.Debug|ARM.Build.0 = Debug|Any CPU
		{CF8B2B76-254E-4C33-8E7D-FC9692FE764A}.Debug|x64.ActiveCfg = Debug|Any CPU
		{CF8B2B76-254E-4C33-8E7D-FC9692FE764A}.Debug|x64.Build.0 = Debug|Any CPU
		{CF8B2B76-254E-4C33-8E7D-FC9692FE764A}.Debug|x86.ActiveCfg = Debug|Any CPU
		{CF8B2B76-254E-4C33-8E7D-FC9692FE764A}.Debug|x86.Build.0 = Debug|Any CPU
		{CF8B2B76-254E-4C33-8E7D-FC9692FE764A}.Release|Any CPU.ActiveCfg = Release|Any CPU
		{CF8B2B76-254E-4C33-8E7D-FC9692FE764A}.Release|Any CPU.Build.0 = Release|Any CPU
		{CF8B2B76-254E-4C33-8E7D-FC9692FE764A}.Release|ARM.ActiveCfg = Release|Any CPU
		{CF8B2B76-254E-4C33-8E7D-FC9692FE764A}.Release|ARM.Build.0 = Release|Any CPU
		{CF8B2B76-254E-4C33-8E7D-FC9692FE764A}.Release|x64.ActiveCfg = Release|Any CPU
		{CF8B2B76-254E-4C33-8E7D-FC9692FE764A}.Release|x64.Build.0 = Release|Any CPU
		{CF8B2B76-254E-4C33-8E7D-FC9692FE764A}.Release|x86.ActiveCfg = Release|Any CPU
		{CF8B2B76-254E-4C33-8E7D-FC9692FE764A}.Release|x86.Build.0 = Release|Any CPU
		{1382DE0F-3488-46AA-855F-A9C32ED25192}.Debug|Any CPU.ActiveCfg = Debug|x86
		{1382DE0F-3488-46AA-855F-A9C32ED25192}.Debug|ARM.ActiveCfg = Debug|ARM
		{1382DE0F-3488-46AA-855F-A9C32ED25192}.Debug|ARM.Build.0 = Debug|ARM
		{1382DE0F-3488-46AA-855F-A9C32ED25192}.Debug|ARM.Deploy.0 = Debug|ARM
		{1382DE0F-3488-46AA-855F-A9C32ED25192}.Debug|x64.ActiveCfg = Debug|x64
		{1382DE0F-3488-46AA-855F-A9C32ED25192}.Debug|x64.Build.0 = Debug|x64
		{1382DE0F-3488-46AA-855F-A9C32ED25192}.Debug|x64.Deploy.0 = Debug|x64
		{1382DE0F-3488-46AA-855F-A9C32ED25192}.Debug|x86.ActiveCfg = Debug|x86
		{1382DE0F-3488-46AA-855F-A9C32ED25192}.Debug|x86.Build.0 = Debug|x86
		{1382DE0F-3488-46AA-855F-A9C32ED25192}.Debug|x86.Deploy.0 = Debug|x86
		{1382DE0F-3488-46AA-855F-A9C32ED25192}.Release|Any CPU.ActiveCfg = Release|x86
		{1382DE0F-3488-46AA-855F-A9C32ED25192}.Release|ARM.ActiveCfg = Release|ARM
		{1382DE0F-3488-46AA-855F-A9C32ED25192}.Release|ARM.Build.0 = Release|ARM
		{1382DE0F-3488-46AA-855F-A9C32ED25192}.Release|ARM.Deploy.0 = Release|ARM
		{1382DE0F-3488-46AA-855F-A9C32ED25192}.Release|x64.ActiveCfg = Release|x64
		{1382DE0F-3488-46AA-855F-A9C32ED25192}.Release|x64.Build.0 = Release|x64
		{1382DE0F-3488-46AA-855F-A9C32ED25192}.Release|x64.Deploy.0 = Release|x64
		{1382DE0F-3488-46AA-855F-A9C32ED25192}.Release|x86.ActiveCfg = Release|x86
		{1382DE0F-3488-46AA-855F-A9C32ED25192}.Release|x86.Build.0 = Release|x86
		{1382DE0F-3488-46AA-855F-A9C32ED25192}.Release|x86.Deploy.0 = Release|x86
		{04AEE5CE-10B1-4D76-9602-7127E1C84CAF}.Debug|Any CPU.ActiveCfg = Debug|x86
		{04AEE5CE-10B1-4D76-9602-7127E1C84CAF}.Debug|ARM.ActiveCfg = Debug|ARM
		{04AEE5CE-10B1-4D76-9602-7127E1C84CAF}.Debug|ARM.Build.0 = Debug|ARM
		{04AEE5CE-10B1-4D76-9602-7127E1C84CAF}.Debug|ARM.Deploy.0 = Debug|ARM
		{04AEE5CE-10B1-4D76-9602-7127E1C84CAF}.Debug|x64.ActiveCfg = Debug|x64
		{04AEE5CE-10B1-4D76-9602-7127E1C84CAF}.Debug|x64.Build.0 = Debug|x64
		{04AEE5CE-10B1-4D76-9602-7127E1C84CAF}.Debug|x64.Deploy.0 = Debug|x64
		{04AEE5CE-10B1-4D76-9602-7127E1C84CAF}.Debug|x86.ActiveCfg = Debug|x86
		{04AEE5CE-10B1-4D76-9602-7127E1C84CAF}.Debug|x86.Build.0 = Debug|x86
		{04AEE5CE-10B1-4D76-9602-7127E1C84CAF}.Debug|x86.Deploy.0 = Debug|x86
		{04AEE5CE-10B1-4D76-9602-7127E1C84CAF}.Release|Any CPU.ActiveCfg = Release|x86
		{04AEE5CE-10B1-4D76-9602-7127E1C84CAF}.Release|ARM.ActiveCfg = Release|ARM
		{04AEE5CE-10B1-4D76-9602-7127E1C84CAF}.Release|ARM.Build.0 = Release|ARM
		{04AEE5CE-10B1-4D76-9602-7127E1C84CAF}.Release|ARM.Deploy.0 = Release|ARM
		{04AEE5CE-10B1-4D76-9602-7127E1C84CAF}.Release|x64.ActiveCfg = Release|x64
		{04AEE5CE-10B1-4D76-9602-7127E1C84CAF}.Release|x64.Build.0 = Release|x64
		{04AEE5CE-10B1-4D76-9602-7127E1C84CAF}.Release|x64.Deploy.0 = Release|x64
		{04AEE5CE-10B1-4D76-9602-7127E1C84CAF}.Release|x86.ActiveCfg = Release|x86
		{04AEE5CE-10B1-4D76-9602-7127E1C84CAF}.Release|x86.Build.0 = Release|x86
		{04AEE5CE-10B1-4D76-9602-7127E1C84CAF}.Release|x86.Deploy.0 = Release|x86
		{949A1E19-0042-446D-BE75-831BE506FE68}.Debug|Any CPU.ActiveCfg = Debug|Any CPU
		{949A1E19-0042-446D-BE75-831BE506FE68}.Debug|Any CPU.Build.0 = Debug|Any CPU
		{949A1E19-0042-446D-BE75-831BE506FE68}.Debug|ARM.ActiveCfg = Debug|Any CPU
		{949A1E19-0042-446D-BE75-831BE506FE68}.Debug|ARM.Build.0 = Debug|Any CPU
		{949A1E19-0042-446D-BE75-831BE506FE68}.Debug|x64.ActiveCfg = Debug|Any CPU
		{949A1E19-0042-446D-BE75-831BE506FE68}.Debug|x64.Build.0 = Debug|Any CPU
		{949A1E19-0042-446D-BE75-831BE506FE68}.Debug|x86.ActiveCfg = Debug|Any CPU
		{949A1E19-0042-446D-BE75-831BE506FE68}.Debug|x86.Build.0 = Debug|Any CPU
		{949A1E19-0042-446D-BE75-831BE506FE68}.Release|Any CPU.ActiveCfg = Release|Any CPU
		{949A1E19-0042-446D-BE75-831BE506FE68}.Release|Any CPU.Build.0 = Release|Any CPU
		{949A1E19-0042-446D-BE75-831BE506FE68}.Release|ARM.ActiveCfg = Release|Any CPU
		{949A1E19-0042-446D-BE75-831BE506FE68}.Release|ARM.Build.0 = Release|Any CPU
		{949A1E19-0042-446D-BE75-831BE506FE68}.Release|x64.ActiveCfg = Release|Any CPU
		{949A1E19-0042-446D-BE75-831BE506FE68}.Release|x64.Build.0 = Release|Any CPU
		{949A1E19-0042-446D-BE75-831BE506FE68}.Release|x86.ActiveCfg = Release|Any CPU
		{949A1E19-0042-446D-BE75-831BE506FE68}.Release|x86.Build.0 = Release|Any CPU
		{CC34B642-AB65-4BDD-A596-1C095FED4568}.Debug|Any CPU.ActiveCfg = Debug|x86
		{CC34B642-AB65-4BDD-A596-1C095FED4568}.Debug|ARM.ActiveCfg = Debug|ARM
		{CC34B642-AB65-4BDD-A596-1C095FED4568}.Debug|ARM.Build.0 = Debug|ARM
		{CC34B642-AB65-4BDD-A596-1C095FED4568}.Debug|ARM.Deploy.0 = Debug|ARM
		{CC34B642-AB65-4BDD-A596-1C095FED4568}.Debug|x64.ActiveCfg = Debug|x64
		{CC34B642-AB65-4BDD-A596-1C095FED4568}.Debug|x64.Build.0 = Debug|x64
		{CC34B642-AB65-4BDD-A596-1C095FED4568}.Debug|x64.Deploy.0 = Debug|x64
		{CC34B642-AB65-4BDD-A596-1C095FED4568}.Debug|x86.ActiveCfg = Debug|x86
		{CC34B642-AB65-4BDD-A596-1C095FED4568}.Debug|x86.Build.0 = Debug|x86
		{CC34B642-AB65-4BDD-A596-1C095FED4568}.Debug|x86.Deploy.0 = Debug|x86
		{CC34B642-AB65-4BDD-A596-1C095FED4568}.Release|Any CPU.ActiveCfg = Release|x86
		{CC34B642-AB65-4BDD-A596-1C095FED4568}.Release|ARM.ActiveCfg = Release|ARM
		{CC34B642-AB65-4BDD-A596-1C095FED4568}.Release|ARM.Build.0 = Release|ARM
		{CC34B642-AB65-4BDD-A596-1C095FED4568}.Release|ARM.Deploy.0 = Release|ARM
		{CC34B642-AB65-4BDD-A596-1C095FED4568}.Release|x64.ActiveCfg = Release|x64
		{CC34B642-AB65-4BDD-A596-1C095FED4568}.Release|x64.Build.0 = Release|x64
		{CC34B642-AB65-4BDD-A596-1C095FED4568}.Release|x64.Deploy.0 = Release|x64
		{CC34B642-AB65-4BDD-A596-1C095FED4568}.Release|x86.ActiveCfg = Release|x86
		{CC34B642-AB65-4BDD-A596-1C095FED4568}.Release|x86.Build.0 = Release|x86
		{CC34B642-AB65-4BDD-A596-1C095FED4568}.Release|x86.Deploy.0 = Release|x86
		{D8625D45-CE4C-45B0-A6B7-550D6DFAEECD}.Debug|Any CPU.ActiveCfg = Debug|x86
		{D8625D45-CE4C-45B0-A6B7-550D6DFAEECD}.Debug|ARM.ActiveCfg = Debug|ARM
		{D8625D45-CE4C-45B0-A6B7-550D6DFAEECD}.Debug|ARM.Build.0 = Debug|ARM
		{D8625D45-CE4C-45B0-A6B7-550D6DFAEECD}.Debug|ARM.Deploy.0 = Debug|ARM
		{D8625D45-CE4C-45B0-A6B7-550D6DFAEECD}.Debug|x64.ActiveCfg = Debug|x64
		{D8625D45-CE4C-45B0-A6B7-550D6DFAEECD}.Debug|x64.Build.0 = Debug|x64
		{D8625D45-CE4C-45B0-A6B7-550D6DFAEECD}.Debug|x64.Deploy.0 = Debug|x64
		{D8625D45-CE4C-45B0-A6B7-550D6DFAEECD}.Debug|x86.ActiveCfg = Debug|x86
		{D8625D45-CE4C-45B0-A6B7-550D6DFAEECD}.Debug|x86.Build.0 = Debug|x86
		{D8625D45-CE4C-45B0-A6B7-550D6DFAEECD}.Debug|x86.Deploy.0 = Debug|x86
		{D8625D45-CE4C-45B0-A6B7-550D6DFAEECD}.Release|Any CPU.ActiveCfg = Release|x86
		{D8625D45-CE4C-45B0-A6B7-550D6DFAEECD}.Release|ARM.ActiveCfg = Release|ARM
		{D8625D45-CE4C-45B0-A6B7-550D6DFAEECD}.Release|ARM.Build.0 = Release|ARM
		{D8625D45-CE4C-45B0-A6B7-550D6DFAEECD}.Release|ARM.Deploy.0 = Release|ARM
		{D8625D45-CE4C-45B0-A6B7-550D6DFAEECD}.Release|x64.ActiveCfg = Release|x64
		{D8625D45-CE4C-45B0-A6B7-550D6DFAEECD}.Release|x64.Build.0 = Release|x64
		{D8625D45-CE4C-45B0-A6B7-550D6DFAEECD}.Release|x64.Deploy.0 = Release|x64
		{D8625D45-CE4C-45B0-A6B7-550D6DFAEECD}.Release|x86.ActiveCfg = Release|x86
		{D8625D45-CE4C-45B0-A6B7-550D6DFAEECD}.Release|x86.Build.0 = Release|x86
		{D8625D45-CE4C-45B0-A6B7-550D6DFAEECD}.Release|x86.Deploy.0 = Release|x86
		{E8C1E639-E346-418E-935A-8C1E679A27E1}.Debug|Any CPU.ActiveCfg = Debug|Any CPU
		{E8C1E639-E346-418E-935A-8C1E679A27E1}.Debug|Any CPU.Build.0 = Debug|Any CPU
		{E8C1E639-E346-418E-935A-8C1E679A27E1}.Debug|ARM.ActiveCfg = Debug|Any CPU
		{E8C1E639-E346-418E-935A-8C1E679A27E1}.Debug|ARM.Build.0 = Debug|Any CPU
		{E8C1E639-E346-418E-935A-8C1E679A27E1}.Debug|x64.ActiveCfg = Debug|Any CPU
		{E8C1E639-E346-418E-935A-8C1E679A27E1}.Debug|x64.Build.0 = Debug|Any CPU
		{E8C1E639-E346-418E-935A-8C1E679A27E1}.Debug|x86.ActiveCfg = Debug|Any CPU
		{E8C1E639-E346-418E-935A-8C1E679A27E1}.Debug|x86.Build.0 = Debug|Any CPU
		{E8C1E639-E346-418E-935A-8C1E679A27E1}.Release|Any CPU.ActiveCfg = Release|Any CPU
		{E8C1E639-E346-418E-935A-8C1E679A27E1}.Release|Any CPU.Build.0 = Release|Any CPU
		{E8C1E639-E346-418E-935A-8C1E679A27E1}.Release|ARM.ActiveCfg = Release|Any CPU
		{E8C1E639-E346-418E-935A-8C1E679A27E1}.Release|ARM.Build.0 = Release|Any CPU
		{E8C1E639-E346-418E-935A-8C1E679A27E1}.Release|x64.ActiveCfg = Release|Any CPU
		{E8C1E639-E346-418E-935A-8C1E679A27E1}.Release|x64.Build.0 = Release|Any CPU
		{E8C1E639-E346-418E-935A-8C1E679A27E1}.Release|x86.ActiveCfg = Release|Any CPU
		{E8C1E639-E346-418E-935A-8C1E679A27E1}.Release|x86.Build.0 = Release|Any CPU
	EndGlobalSection
	GlobalSection(SolutionProperties) = preSolution
		HideSolutionNode = FALSE
	EndGlobalSection
EndGlobal
