
Microsoft Visual Studio Solution File, Format Version 11.00
# Visual Studio 2010
Project("{FAE04EC0-301F-11D3-BF4B-00C04F79EFBC}") = "TagHandlerSample", "TagHandlerSample.csproj", "{CA53FFE6-2696-4733-9B90-DC86C49CBEBD}"
EndProject
Global
	GlobalSection(SolutionConfigurationPlatforms) = preSolution
		Debug|Any CPU = Debug|Any CPU
		Debug|x86 = Debug|x86
		Release|Any CPU = Release|Any CPU
		Release|x86 = Release|x86
	EndGlobalSection
	GlobalSection(ProjectConfigurationPlatforms) = postSolution
		{CA53FFE6-2696-4733-9B90-DC86C49CBEBD}.Debug|Any CPU.ActiveCfg = Debug|Any CPU
		{CA53FFE6-2696-4733-9B90-DC86C49CBEBD}.Debug|Any CPU.Build.0 = Debug|Any CPU
		{CA53FFE6-2696-4733-9B90-DC86C49CBEBD}.Debug|x86.ActiveCfg = Debug|x86
		{CA53FFE6-2696-4733-9B90-DC86C49CBEBD}.Debug|x86.Build.0 = Debug|x86
		{CA53FFE6-2696-4733-9B90-DC86C49CBEBD}.Release|Any CPU.ActiveCfg = Release|Any CPU
		{CA53FFE6-2696-4733-9B90-DC86C49CBEBD}.Release|Any CPU.Build.0 = Release|Any CPU
		{CA53FFE6-2696-4733-9B90-DC86C49CBEBD}.Release|x86.ActiveCfg = Release|x86
		{CA53FFE6-2696-4733-9B90-DC86C49CBEBD}.Release|x86.Build.0 = Release|x86
	EndGlobalSection
	GlobalSection(SolutionProperties) = preSolution
		HideSolutionNode = FALSE
	EndGlobalSection
EndGlobal
