Microsoft Visual Studio Solution File, Format Version 11.00
# Visual Studio 2010
Project("{FAE04EC0-301F-11D3-BF4B-00C04F79EFBC}") = "UsbSample", "UsbSample.csproj", "{BDCE07D1-0E5D-445C-B14B-02EDB4908687}"
EndProject
Global
	GlobalSection(SolutionConfigurationPlatforms) = preSolution
		Debug|Any CPU = Debug|Any CPU
		Release|Any CPU = Release|Any CPU
	EndGlobalSection
	GlobalSection(ProjectConfigurationPlatforms) = postSolution
		{BDCE07D1-0E5D-445C-B14B-02EDB4908687}.Debug|Any CPU.ActiveCfg = Debug|Any CPU
		{BDCE07D1-0E5D-445C-B14B-02EDB4908687}.Debug|Any CPU.Build.0 = Debug|Any CPU
		{BDCE07D1-0E5D-445C-B14B-02EDB4908687}.Release|Any CPU.ActiveCfg = Release|Any CPU
		{BDCE07D1-0E5D-445C-B14B-02EDB4908687}.Release|Any CPU.Build.0 = Release|Any CPU
	EndGlobalSection
	GlobalSection(SolutionProperties) = preSolution
		HideSolutionNode = FALSE
	EndGlobalSection
EndGlobal
